hash: 7618be60470a6de4df5ba291bbfea018a627073a3135e02a599e56daeba56a15
updated: 2016-08-20T21:30:42.110183502+05:30
imports:
- name: github.com/koushik-shetty/kgologger
  version: c297e6122c197f57983f3443610c28d45219ad12
- name: github.com/Sirupsen/logrus
  version: 4b6ea7319e214d98c938f12692336f7ca9348d6b
- name: github.com/stretchr/testify
  version: f390dcf405f7b83c997eac1b06768bb9f44dec18
  subpackages:
  - assert
- name: golang.org/x/sys
  version: a646d33e2ee3172a661fc09bca23bb4889a41bc8
  subpackages:
  - unix
testImports: []
